
Microsoft Visual Studio Solution File, Format Version 12.00
# Visual Studio 14
VisualStudioVersion = 14.0.25420.1
MinimumVisualStudioVersion = 10.0.40219.1
Project("{FAE04EC0-301F-11D3-BF4B-00C04F79EFBC}") = "DependencyChecker", "DependencyChecker\DependencyChecker.csproj", "{0CF1F472-B567-44DB-8848-513CDA486254}"
EndProject
Project("{FAE04EC0-301F-11D3-BF4B-00C04F79EFBC}") = "CheckStoreProcCase", "CheckStoreProcCase\CheckStoreProcCase.csproj", "{5E0365D9-C12A-4396-A15F-7A844851E977}"
EndProject
Project("{FAE04EC0-301F-11D3-BF4B-00C04F79EFBC}") = "BadExample", "RequirementTestBadExample\BadExample.csproj", "{9BC6B253-ADAB-460D-A2FF-5D55E78424AE}"
EndProject
Project("{FAE04EC0-301F-11D3-BF4B-00C04F79EFBC}") = "ProjectFileFixer", "ProjectFileFixer\ProjectFileFixer.csproj", "{79935A87-A4E0-41E0-B7D8-0E7F9E0F06A9}"
EndProject
Global
	GlobalSection(SolutionConfigurationPlatforms) = preSolution
		Debug|Any CPU = Debug|Any CPU
		Release|Any CPU = Release|Any CPU
	EndGlobalSection
	GlobalSection(ProjectConfigurationPlatforms) = postSolution
		{0CF1F472-B567-44DB-8848-513CDA486254}.Debug|Any CPU.ActiveCfg = Debug|Any CPU
		{0CF1F472-B567-44DB-8848-513CDA486254}.Debug|Any CPU.Build.0 = Debug|Any CPU
		{0CF1F472-B567-44DB-8848-513CDA486254}.Release|Any CPU.ActiveCfg = Release|Any CPU
		{0CF1F472-B567-44DB-8848-513CDA486254}.Release|Any CPU.Build.0 = Release|Any CPU
		{5E0365D9-C12A-4396-A15F-7A844851E977}.Debug|Any CPU.ActiveCfg = Debug|Any CPU
		{5E0365D9-C12A-4396-A15F-7A844851E977}.Debug|Any CPU.Build.0 = Debug|Any CPU
		{5E0365D9-C12A-4396-A15F-7A844851E977}.Release|Any CPU.ActiveCfg = Release|Any CPU
		{5E0365D9-C12A-4396-A15F-7A844851E977}.Release|Any CPU.Build.0 = Release|Any CPU
		{9BC6B253-ADAB-460D-A2FF-5D55E78424AE}.Debug|Any CPU.ActiveCfg = Debug|Any CPU
		{9BC6B253-ADAB-460D-A2FF-5D55E78424AE}.Debug|Any CPU.Build.0 = Debug|Any CPU
		{9BC6B253-ADAB-460D-A2FF-5D55E78424AE}.Release|Any CPU.ActiveCfg = Release|Any CPU
		{9BC6B253-ADAB-460D-A2FF-5D55E78424AE}.Release|Any CPU.Build.0 = Release|Any CPU
		{79935A87-A4E0-41E0-B7D8-0E7F9E0F06A9}.Debug|Any CPU.ActiveCfg = Debug|Any CPU
		{79935A87-A4E0-41E0-B7D8-0E7F9E0F06A9}.Debug|Any CPU.Build.0 = Debug|Any CPU
		{79935A87-A4E0-41E0-B7D8-0E7F9E0F06A9}.Release|Any CPU.ActiveCfg = Release|Any CPU
		{79935A87-A4E0-41E0-B7D8-0E7F9E0F06A9}.Release|Any CPU.Build.0 = Release|Any CPU
	EndGlobalSection
	GlobalSection(SolutionProperties) = preSolution
		HideSolutionNode = FALSE
	EndGlobalSection
EndGlobal
